Microsoft Visual Studio Solution File, Format Version 12.00
# Visual Studio Version 17
VisualStudioVersion = 17.5.2.0
MinimumVisualStudioVersion = 10.0.40219.1
Project("{FAE04EC0-301F-11D3-BF4B-00C04F79EFBC}") = "EpicLibraryApp", "EpicLibraryApp.csproj", "{FC03B3B9-AA09-C714-DEE7-2FE27726205F}"
EndProject
Global
	GlobalSection(SolutionConfigurationPlatforms) = preSolution
		Debug|Any CPU = Debug|Any CPU
		Release|Any CPU = Release|Any CPU
	EndGlobalSection
	GlobalSection(ProjectConfigurationPlatforms) = postSolution
		{FC03B3B9-AA09-C714-DEE7-2FE27726205F}.Debug|Any CPU.ActiveCfg = Debug|Any CPU
		{FC03B3B9-AA09-C714-DEE7-2FE27726205F}.Debug|Any CPU.Build.0 = Debug|Any CPU
		{FC03B3B9-AA09-C714-DEE7-2FE27726205F}.Release|Any CPU.ActiveCfg = Release|Any CPU
		{FC03B3B9-AA09-C714-DEE7-2FE27726205F}.Release|Any CPU.Build.0 = Release|Any CPU
	EndGlobalSection
	GlobalSection(SolutionProperties) = preSolution
		HideSolutionNode = FALSE
	EndGlobalSection
	GlobalSection(ExtensibilityGlobals) = postSolution
		SolutionGuid = {5118C5F6-4C3E-4597-A6C7-B234AB88F79C}
	EndGlobalSection
EndGlobal
